# THIS IS AN AUTOGENERATED FILE. DO NOT EDIT THIS FILE DIRECTLY.
# yarn lockfile v1


"@emnapi/core@^1.5.0":
  version "1.7.1"
  resolved "https://registry.yarnpkg.com/@emnapi/core/-/core-1.7.1.tgz#3a79a02dbc84f45884a1806ebb98e5746bdfaac4"
  integrity sha512-o1uhUASyo921r2XtHYOHy7gdkGLge8ghBEQHMWmyJFoXlpU58kIrhhN3w26lpQb6dspetweapMn2CSNwQ8I4wg==
  dependencies:
    "@emnapi/wasi-threads" "1.1.0"
    tslib "^2.4.0"

"@emnapi/runtime@^1.5.0":
  version "1.7.1"
  resolved "https://registry.yarnpkg.com/@emnapi/runtime/-/runtime-1.7.1.tgz#a73784e23f5d57287369c808197288b52276b791"
  integrity sha512-PVtJr5CmLwYAU9PZDMITZoR5iAOShYREoR45EyyLrbntV50mdePTgUn4AmOw90Ifcj+x2kRjdzr1HP3RrNiHGA==
  dependencies:
    tslib "^2.4.0"

"@emnapi/wasi-threads@1.1.0":
  version "1.1.0"
  resolved "https://registry.yarnpkg.com/@emnapi/wasi-threads/-/wasi-threads-1.1.0.tgz#60b2102fddc9ccb78607e4a3cf8403ea69be41bf"
  integrity sha512-WI0DdZ8xFSbgMjR1sFsKABJ/C5OnRrjT06JXbZKexJGrDuPTzZdDYfFlsgcCXCyf+suG5QU2e/y1Wo2V/OapLQ==
  dependencies:
    tslib "^2.4.0"

"@module-federation/error-codes@0.21.6":
  version "0.21.6"
  resolved "https://registry.yarnpkg.com/@module-federation/error-codes/-/error-codes-0.21.6.tgz#d0c9fa71f9469b2150165ef4461dfd5be0e7f79b"
  integrity sha512-MLJUCQ05KnoVl8xd6xs9a5g2/8U+eWmVxg7xiBMeR0+7OjdWUbHwcwgVFatRIwSZvFgKHfWEiI7wsU1q1XbTRQ==

"@module-federation/runtime-core@0.21.6":
  version "0.21.6"
  resolved "https://registry.yarnpkg.com/@module-federation/runtime-core/-/runtime-core-0.21.6.tgz#2bcd24db2192179c96ce49772b09d72820ab9ea3"
  integrity sha512-5Hd1Y5qp5lU/aTiK66lidMlM/4ji2gr3EXAtJdreJzkY+bKcI5+21GRcliZ4RAkICmvdxQU5PHPL71XmNc7Lsw==
  dependencies:
    "@module-federation/error-codes" "0.21.6"
    "@module-federation/sdk" "0.21.6"

"@module-federation/runtime-tools@0.21.6":
  version "0.21.6"
  resolved "https://registry.yarnpkg.com/@module-federation/runtime-tools/-/runtime-tools-0.21.6.tgz#40cbcc16af4c597169834a2d8b71a9d31779ab0c"
  integrity sha512-fnP+ZOZTFeBGiTAnxve+axGmiYn2D60h86nUISXjXClK3LUY1krUfPgf6MaD4YDJ4i51OGXZWPekeMe16pkd8Q==
  dependencies:
    "@module-federation/runtime" "0.21.6"
    "@module-federation/webpack-bundler-runtime" "0.21.6"

"@module-federation/runtime@0.21.6":
  version "0.21.6"
  resolved "https://registry.yarnpkg.com/@module-federation/runtime/-/runtime-0.21.6.tgz#8d4a29a792ed4a94e5a811fe097d314a6f9dcab7"
  integrity sha512-+caXwaQqwTNh+CQqyb4mZmXq7iEemRDrTZQGD+zyeH454JAYnJ3s/3oDFizdH6245pk+NiqDyOOkHzzFQorKhQ==
  dependencies:
    "@module-federation/error-codes" "0.21.6"
    "@module-federation/runtime-core" "0.21.6"
    "@module-federation/sdk" "0.21.6"

"@module-federation/sdk@0.21.6":
  version "0.21.6"
  resolved "https://registry.yarnpkg.com/@module-federation/sdk/-/sdk-0.21.6.tgz#8aac1159ff37f418ed72bc79afccbbfb025f847a"
  integrity sha512-x6hARETb8iqHVhEsQBysuWpznNZViUh84qV2yE7AD+g7uIzHKiYdoWqj10posbo5XKf/147qgWDzKZoKoEP2dw==

"@module-federation/webpack-bundler-runtime@0.21.6":
  version "0.21.6"
  resolved "https://registry.yarnpkg.com/@module-federation/webpack-bundler-runtime/-/webpack-bundler-runtime-0.21.6.tgz#6831eaf147356fe5b096d24c7a902c323e810bb9"
  integrity sha512-7zIp3LrcWbhGuFDTUMLJ2FJvcwjlddqhWGxi/MW3ur1a+HaO8v5tF2nl+vElKmbG1DFLU/52l3PElVcWf/YcsQ==
  dependencies:
    "@module-federation/runtime" "0.21.6"
    "@module-federation/sdk" "0.21.6"

"@napi-rs/wasm-runtime@1.0.7":
  version "1.0.7"
  resolved "https://registry.yarnpkg.com/@napi-rs/wasm-runtime/-/wasm-runtime-1.0.7.tgz#dcfea99a75f06209a235f3d941e3460a51e9b14c"
  integrity sha512-SeDnOO0Tk7Okiq6DbXmmBODgOAb9dp9gjlphokTUxmt8U3liIP1ZsozBahH69j/RJv+Rfs6IwUKHTgQYJ/HBAw==
  dependencies:
    "@emnapi/core" "^1.5.0"
    "@emnapi/runtime" "^1.5.0"
    "@tybys/wasm-util" "^0.10.1"

"@rsbuild/core@^1.6.14":
  version "1.6.15"
  resolved "https://registry.yarnpkg.com/@rsbuild/core/-/core-1.6.15.tgz#0da67213e97962d5a36df727c4a8b38134e2bbc1"
  integrity sha512-LvoOF53PL6zXgdzEhgnnP51S4FseDFH1bHrobK4EK6zZX/tN8qgf5tdlmN7h4OkMv/Qs1oUfvj0QcLWSstnnvA==
  dependencies:
    "@rspack/core" "1.6.8"
    "@rspack/lite-tapable" "~1.1.0"
    "@swc/helpers" "^0.5.17"
    core-js "~3.47.0"
    jiti "^2.6.1"

"@rsbuild/plugin-react@^1.4.2":
  version "1.4.2"
  resolved "https://registry.yarnpkg.com/@rsbuild/plugin-react/-/plugin-react-1.4.2.tgz#8d7083b86aebad63707006abd08797f1326b2701"
  integrity sha512-2rJb5mOuqVof2aDq4SbB1E65+0n1vjhAADipC88jvZRNuTOulg79fh7R4tsCiBMI4VWq46gSpwekiK8G5bq6jg==
  dependencies:
    "@rspack/plugin-react-refresh" "^1.5.2"
    react-refresh "^0.18.0"

"@rspack/binding-darwin-arm64@1.6.8":
  version "1.6.8"
  resolved "https://registry.yarnpkg.com/@rspack/binding-darwin-arm64/-/binding-darwin-arm64-1.6.8.tgz#52987c0cbc487a240bdc6b1a31838372daddee2b"
  integrity sha512-e8CTQtzaeGnf+BIzR7wRMUwKfIg0jd/sxMRc1Vd0bCMHBhSN9EsGoMuJJaKeRrSmy2nwMCNWHIG+TvT1CEKg+A==

"@rspack/binding-darwin-x64@1.6.8":
  version "1.6.8"
  resolved "https://registry.yarnpkg.com/@rspack/binding-darwin-x64/-/binding-darwin-x64-1.6.8.tgz#13c801ce8210d11b7b0bc4ac7bf036ec32862935"
  integrity sha512-ku1XpTEPt6Za11zhpFWhfwrTQogcgi9RJrOUVC4FESiPO9aKyd4hJ+JiPgLY0MZOqsptK6vEAgOip+uDVXrCpg==

"@rspack/binding-linux-arm64-gnu@1.6.8":
  version "1.6.8"
  resolved "https://registry.yarnpkg.com/@rspack/binding-linux-arm64-gnu/-/binding-linux-arm64-gnu-1.6.8.tgz#d70321ac5bbd5bc101de9a2da01c6fb984601565"
  integrity sha512-fvZX6xZPvBT8qipSpvkKMX5M7yd2BSpZNCZXcefw6gA3uC7LI3gu+er0LrDXY1PtPzVuHTyDx+abwWpagV3PiQ==

"@rspack/binding-linux-arm64-musl@1.6.8":
  version "1.6.8"
  resolved "https://registry.yarnpkg.com/@rspack/binding-linux-arm64-musl/-/binding-linux-arm64-musl-1.6.8.tgz#4f9196b6233649ce43e6485a5d2714ef38dfc603"
  integrity sha512-++XMKcMNrt59HcFBLnRaJcn70k3X0GwkAegZBVpel8xYIAgvoXT5+L8P1ExId/yTFxqedaz8DbcxQnNmMozviw==

"@rspack/binding-linux-x64-gnu@1.6.8":
  version "1.6.8"
  resolved "https://registry.yarnpkg.com/@rspack/binding-linux-x64-gnu/-/binding-linux-x64-gnu-1.6.8.tgz#b78e7f62b4157b31e181fe89d319a601782a802b"
  integrity sha512-tv3BWkTE1TndfX+DsE1rSTg8fBevCxujNZ3MlfZ22Wfy9x1FMXTJlWG8VIOXmaaJ1wUHzv8S7cE2YUUJ2LuiCg==

"@rspack/binding-linux-x64-musl@1.6.8":
  version "1.6.8"
  resolved "https://registry.yarnpkg.com/@rspack/binding-linux-x64-musl/-/binding-linux-x64-musl-1.6.8.tgz#c578f730d8a9fab866e4a15920457ef9d7fd5f58"
  integrity sha512-DCGgZ5/in1O3FjHWqXnDsncRy+48cMhfuUAAUyl0yDj1NpsZu9pP+xfGLvGcQTiYrVl7IH9Aojf1eShP/77WGA==

"@rspack/binding-wasm32-wasi@1.6.8":
  version "1.6.8"
  resolved "https://registry.yarnpkg.com/@rspack/binding-wasm32-wasi/-/binding-wasm32-wasi-1.6.8.tgz#76d23589ec31ad6bab6784da89f7cc42c7df0275"
  integrity sha512-VUwdhl/lI4m6o1OGCZ9JwtMjTV/yLY5VZTQdEPKb40JMTlmZ5MBlr5xk7ByaXXYHr6I+qnqEm73iMKQvg6iknw==
  dependencies:
    "@napi-rs/wasm-runtime" "1.0.7"

"@rspack/binding-win32-arm64-msvc@1.6.8":
  version "1.6.8"
  resolved "https://registry.yarnpkg.com/@rspack/binding-win32-arm64-msvc/-/binding-win32-arm64-msvc-1.6.8.tgz#b42cba4ab7588ce72f0c13c968d3d62e8a61ab46"
  integrity sha512-23YX7zlOZlub+nPGDBUzktb4D5D6ETUAluKjXEeHIZ9m7fSlEYBnGL66YE+3t1DHXGd0OqsdwlvrNGcyo6EXDQ==

"@rspack/binding-win32-ia32-msvc@1.6.8":
  version "1.6.8"
  resolved "https://registry.yarnpkg.com/@rspack/binding-win32-ia32-msvc/-/binding-win32-ia32-msvc-1.6.8.tgz#293a23448c6a11f25a9abbb989613059c7da3ec4"
  integrity sha512-cFgRE3APxrY4AEdooVk2LtipwNNT/9mrnjdC5lVbsIsz+SxvGbZR231bxDJEqP15+RJOaD07FO1sIjINFqXMEg==

"@rspack/binding-win32-x64-msvc@1.6.8":
  version "1.6.8"
  resolved "https://registry.yarnpkg.com/@rspack/binding-win32-x64-msvc/-/binding-win32-x64-msvc-1.6.8.tgz#f5fd3f01b6694ee08cbc382c3bd42d6490ab9446"
  integrity sha512-cIuhVsZYd3o3Neo1JSAhJYw6BDvlxaBoqvgwRkG1rs0ExFmEmgYyG7ip9pFKnKNWph/tmW3rDYypmEfjs1is7g==

"@rspack/binding@1.6.8":
  version "1.6.8"
  resolved "https://registry.yarnpkg.com/@rspack/binding/-/binding-1.6.8.tgz#c2cd2c31a4313ab10ad8ed871a5b9be0444046f3"
  integrity sha512-lUeL4mbwGo+nqRKqFDCm9vH2jv9FNMVt1X8jqayWRcOCPlj/2UVMEFgqjR7Pp2vlvnTKq//31KbDBJmDZq31RQ==
  optionalDependencies:
    "@rspack/binding-darwin-arm64" "1.6.8"
    "@rspack/binding-darwin-x64" "1.6.8"
    "@rspack/binding-linux-arm64-gnu" "1.6.8"
    "@rspack/binding-linux-arm64-musl" "1.6.8"
    "@rspack/binding-linux-x64-gnu" "1.6.8"
    "@rspack/binding-linux-x64-musl" "1.6.8"
    "@rspack/binding-wasm32-wasi" "1.6.8"
    "@rspack/binding-win32-arm64-msvc" "1.6.8"
    "@rspack/binding-win32-ia32-msvc" "1.6.8"
    "@rspack/binding-win32-x64-msvc" "1.6.8"

"@rspack/core@1.6.8":
  version "1.6.8"
  resolved "https://registry.yarnpkg.com/@rspack/core/-/core-1.6.8.tgz#b1f945a1a167f74394304ea93723616428d66095"
  integrity sha512-FolcIAH5FW4J2FET+qwjd1kNeFbCkd0VLuIHO0thyolEjaPSxw5qxG67DA7BZGm6PVcoiSgPLks1DL6eZ8c+fA==
  dependencies:
    "@module-federation/runtime-tools" "0.21.6"
    "@rspack/binding" "1.6.8"
    "@rspack/lite-tapable" "1.1.0"

"@rspack/lite-tapable@1.1.0", "@rspack/lite-tapable@~1.1.0":
  version "1.1.0"
  resolved "https://registry.yarnpkg.com/@rspack/lite-tapable/-/lite-tapable-1.1.0.tgz#3cfdafeed01078e116bd4f191b684c8b484de425"
  integrity sha512-E2B0JhYFmVAwdDiG14+DW0Di4Ze4Jg10Pc4/lILUrd5DRCaklduz2OvJ5HYQ6G+hd+WTzqQb3QnDNfK4yvAFYw==

"@rspack/plugin-react-refresh@^1.5.2":
  version "1.5.3"
  resolved "https://registry.yarnpkg.com/@rspack/plugin-react-refresh/-/plugin-react-refresh-1.5.3.tgz#585675cc5b8810eb3ee2c5132d40150db2313126"
  integrity sha512-VOnQMf3YOHkTqJ0+BJbrYga4tQAWNwoAnkgwRauXB4HOyCc5wLfBs9DcOFla/2usnRT3Sq6CMVhXmdPobwAoTA==
  dependencies:
    error-stack-parser "^2.1.4"
    html-entities "^2.6.0"

"@swc/helpers@^0.5.17":
  version "0.5.17"
  resolved "https://registry.yarnpkg.com/@swc/helpers/-/helpers-0.5.17.tgz#5a7be95ac0f0bf186e7e6e890e7a6f6cda6ce971"
  integrity sha512-5IKx/Y13RsYd+sauPb2x+U/xZikHjolzfuDgTAl/Tdf3Q8rslRvC19NKDLgAJQ6wsqADk10ntlv08nPFw/gO/A==
  dependencies:
    tslib "^2.8.0"

"@tybys/wasm-util@^0.10.1":
  version "0.10.1"
  resolved "https://registry.yarnpkg.com/@tybys/wasm-util/-/wasm-util-0.10.1.tgz#ecddd3205cf1e2d5274649ff0eedd2991ed7f414"
  integrity sha512-9tTaPJLSiejZKx+Bmog4uSubteqTvFrVrURwkmHixBo0G4seD0zUxp98E1DzUBJxLQ3NPwXrGKDiVjwx/DpPsg==
  dependencies:
    tslib "^2.4.0"

"@types/react-dom@^19.2.3":
  version "19.2.3"
  resolved "https://registry.yarnpkg.com/@types/react-dom/-/react-dom-19.2.3.tgz#c1e305d15a52a3e508d54dca770d202cb63abf2c"
  integrity sha512-jp2L/eY6fn+KgVVQAOqYItbF0VY/YApe5Mz2F0aykSO8gx31bYCZyvSeYxCHKvzHG5eZjc+zyaS5BrBWya2+kQ==

"@types/react@^19.2.7":
  version "19.2.7"
  resolved "https://registry.yarnpkg.com/@types/react/-/react-19.2.7.tgz#84e62c0f23e8e4e5ac2cadcea1ffeacccae7f62f"
  integrity sha512-MWtvHrGZLFttgeEj28VXHxpmwYbor/ATPYbBfSFZEIRK0ecCFLl2Qo55z52Hss+UV9CRN7trSeq1zbgx7YDWWg==
  dependencies:
    csstype "^3.2.2"

cookie@^1.0.1:
  version "1.1.1"
  resolved "https://registry.yarnpkg.com/cookie/-/cookie-1.1.1.tgz#3bb9bdfc82369db9c2f69c93c9c3ceb310c88b3c"
  integrity sha512-ei8Aos7ja0weRpFzJnEA9UHJ/7XQmqglbRwnf2ATjcB9Wq874VKH9kfjjirM6UhU2/E5fFYadylyhFldcqSidQ==

core-js@~3.47.0:
  version "3.47.0"
  resolved "https://registry.yarnpkg.com/core-js/-/core-js-3.47.0.tgz#436ef07650e191afeb84c24481b298bd60eb4a17"
  integrity sha512-c3Q2VVkGAUyupsjRnaNX6u8Dq2vAdzm9iuPj5FW0fRxzlxgq9Q39MDq10IvmQSpLgHQNyQzQmOo6bgGHmH3NNg==

csstype@^3.2.2:
  version "3.2.3"
  resolved "https://registry.yarnpkg.com/csstype/-/csstype-3.2.3.tgz#ec48c0f3e993e50648c86da559e2610995cf989a"
  integrity sha512-z1HGKcYy2xA8AGQfwrn0PAy+PB7X/GSj3UVJW9qKyn43xWa+gl5nXmU4qqLMRzWVLFC8KusUX8T/0kCiOYpAIQ==

error-stack-parser@^2.1.4:
  version "2.1.4"
  resolved "https://registry.yarnpkg.com/error-stack-parser/-/error-stack-parser-2.1.4.tgz#229cb01cdbfa84440bfa91876285b94680188286"
  integrity sha512-Sk5V6wVazPhq5MhpO+AUxJn5x7XSXGl1R93Vn7i+zS15KDVxQijejNCrz8340/2bgLBjR9GtEG8ZVKONDjcqGQ==
  dependencies:
    stackframe "^1.3.4"

html-entities@^2.6.0:
  version "2.6.0"
  resolved "https://registry.yarnpkg.com/html-entities/-/html-entities-2.6.0.tgz#7c64f1ea3b36818ccae3d3fb48b6974208e984f8"
  integrity sha512-kig+rMn/QOVRvr7c86gQ8lWXq+Hkv6CbAH1hLu+RG338StTpE8Z0b44SDVaqVu7HGKf27frdmUYEs9hTUX/cLQ==

jiti@^2.6.1:
  version "2.6.1"
  resolved "https://registry.yarnpkg.com/jiti/-/jiti-2.6.1.tgz#178ef2fc9a1a594248c20627cd820187a4d78d92"
  integrity sha512-ekilCSN1jwRvIbgeg/57YFh8qQDNbwDb9xT/qu2DAHbFFZUicIl4ygVaAvzveMhMVr3LnpSKTNnwt8PoOfmKhQ==

react-dom@^19.2.3:
  version "19.2.3"
  resolved "https://registry.yarnpkg.com/react-dom/-/react-dom-19.2.3.tgz#f0b61d7e5c4a86773889fcc1853af3ed5f215b17"
  integrity sha512-yELu4WmLPw5Mr/lmeEpox5rw3RETacE++JgHqQzd2dg+YbJuat3jH4ingc+WPZhxaoFzdv9y33G+F7Nl5O0GBg==
  dependencies:
    scheduler "^0.27.0"

react-refresh@^0.18.0:
  version "0.18.0"
  resolved "https://registry.yarnpkg.com/react-refresh/-/react-refresh-0.18.0.tgz#2dce97f4fe932a4d8142fa1630e475c1729c8062"
  integrity sha512-QgT5//D3jfjJb6Gsjxv0Slpj23ip+HtOpnNgnb2S5zU3CB26G/IDPGoy4RJB42wzFE46DRsstbW6tKHoKbhAxw==

react-router-dom@^7.11.0:
  version "7.11.0"
  resolved "https://registry.yarnpkg.com/react-router-dom/-/react-router-dom-7.11.0.tgz#2165f63e52798bd0eb138480c098ad058cdf3413"
  integrity sha512-e49Ir/kMGRzFOOrYQBdoitq3ULigw4lKbAyKusnvtDu2t4dBX4AGYPrzNvorXmVuOyeakai6FUPW5MmibvVG8g==
  dependencies:
    react-router "7.11.0"

react-router@7.11.0:
  version "7.11.0"
  resolved "https://registry.yarnpkg.com/react-router/-/react-router-7.11.0.tgz#d3b91567fdbe910caf9064ea69b7b4d9264f2945"
  integrity sha512-uI4JkMmjbWCZc01WVP2cH7ZfSzH91JAZUDd7/nIprDgWxBV1TkkmLToFh7EbMTcMak8URFRa2YoBL/W8GWnCTQ==
  dependencies:
    cookie "^1.0.1"
    set-cookie-parser "^2.6.0"

react@^19.2.3:
  version "19.2.3"
  resolved "https://registry.yarnpkg.com/react/-/react-19.2.3.tgz#d83e5e8e7a258cf6b4fe28640515f99b87cd19b8"
  integrity sha512-Ku/hhYbVjOQnXDZFv2+RibmLFGwFdeeKHFcOTlrt7xplBnya5OGn/hIRDsqDiSUcfORsDC7MPxwork8jBwsIWA==

scheduler@^0.27.0:
  version "0.27.0"
  resolved "https://registry.yarnpkg.com/scheduler/-/scheduler-0.27.0.tgz#0c4ef82d67d1e5c1e359e8fc76d3a87f045fe5bd"
  integrity sha512-eNv+WrVbKu1f3vbYJT/xtiF5syA5HPIMtf9IgY/nKg0sWqzAUEvqY/xm7OcZc/qafLx/iO9FgOmeSAp4v5ti/Q==

set-cookie-parser@^2.6.0:
  version "2.7.2"
  resolved "https://registry.yarnpkg.com/set-cookie-parser/-/set-cookie-parser-2.7.2.tgz#ccd08673a9ae5d2e44ea2a2de25089e67c7edf68"
  integrity sha512-oeM1lpU/UvhTxw+g3cIfxXHyJRc/uidd3yK1P242gzHds0udQBYzs3y8j4gCCW+ZJ7ad0yctld8RYO+bdurlvw==

stackframe@^1.3.4:
  version "1.3.4"
  resolved "https://registry.yarnpkg.com/stackframe/-/stackframe-1.3.4.tgz#b881a004c8c149a5e8efef37d51b16e412943310"
  integrity sha512-oeVtt7eWQS+Na6F//S4kJ2K2VbRlS9D43mAlMyVpVWovy9o+jfgH8O9agzANzaiLjclA0oYzUXEM4PurhSUChw==

tslib@^2.4.0, tslib@^2.8.0:
  version "2.8.1"
  resolved "https://registry.yarnpkg.com/tslib/-/tslib-2.8.1.tgz#612efe4ed235d567e8aba5f2a5fab70280ade83f"
  integrity sha512-oJFu94HQb+KVduSUQL7wnpmqnfmLsOA/nAh6b6EH0wCEoK0/mPeXU6c3wKDV83MkOuHPRHtSXKKU99IBazS/2w==

typescript@^5.9.3:
  version "5.9.3"
  resolved "https://registry.yarnpkg.com/typescript/-/typescript-5.9.3.tgz#5b4f59e15310ab17a216f5d6cf53ee476ede670f"
  integrity sha512-jl1vZzPDinLr9eUt3J/t7V6FgNEw9QjvBPdysz9KfQDD41fQrC2Y4vKQdiaUpFT4bXlb1RHhLpp8wtm6M5TgSw==
